
Microsoft Visual Studio Solution File, Format Version 12.00
# Visual Studio 14
VisualStudioVersion = 14.0.25420.1
MinimumVisualStudioVersion = 10.0.40219.1
Project("{FAE04EC0-301F-11D3-BF4B-00C04F79EFBC}") = "Asteroids", "Asteroids\Asteroids.csproj", "{86B79AAD-2A4F-4FD4-9753-38DADDD2F0E5}"
EndProject
Project("{FAE04EC0-301F-11D3-BF4B-00C04F79EFBC}") = "SApp01", "SApp01\SApp01.csproj", "{10B5FB7D-4191-422C-84C8-3FA67C378606}"
EndProject
Project("{FAE04EC0-301F-11D3-BF4B-00C04F79EFBC}") = "Les02_01", "Les02_01\Les02_01.csproj", "{58BF2A78-4EF6-459D-BFC3-D683053E6F3C}"
EndProject
Global
	GlobalSection(SolutionConfigurationPlatforms) = preSolution
		Debug|Any CPU = Debug|Any CPU
		Release|Any CPU = Release|Any CPU
	EndGlobalSection
	GlobalSection(ProjectConfigurationPlatforms) = postSolution
		{86B79AAD-2A4F-4FD4-9753-38DADDD2F0E5}.Debug|Any CPU.ActiveCfg = Debug|Any CPU
		{86B79AAD-2A4F-4FD4-9753-38DADDD2F0E5}.Debug|Any CPU.Build.0 = Debug|Any CPU
		{86B79AAD-2A4F-4FD4-9753-38DADDD2F0E5}.Release|Any CPU.ActiveCfg = Release|Any CPU
		{86B79AAD-2A4F-4FD4-9753-38DADDD2F0E5}.Release|Any CPU.Build.0 = Release|Any CPU
		{10B5FB7D-4191-422C-84C8-3FA67C378606}.Debug|Any CPU.ActiveCfg = Debug|Any CPU
		{10B5FB7D-4191-422C-84C8-3FA67C378606}.Debug|Any CPU.Build.0 = Debug|Any CPU
		{10B5FB7D-4191-422C-84C8-3FA67C378606}.Release|Any CPU.ActiveCfg = Release|Any CPU
		{10B5FB7D-4191-422C-84C8-3FA67C378606}.Release|Any CPU.Build.0 = Release|Any CPU
		{58BF2A78-4EF6-459D-BFC3-D683053E6F3C}.Debug|Any CPU.ActiveCfg = Debug|Any CPU
		{58BF2A78-4EF6-459D-BFC3-D683053E6F3C}.Debug|Any CPU.Build.0 = Debug|Any CPU
		{58BF2A78-4EF6-459D-BFC3-D683053E6F3C}.Release|Any CPU.ActiveCfg = Release|Any CPU
		{58BF2A78-4EF6-459D-BFC3-D683053E6F3C}.Release|Any CPU.Build.0 = Release|Any CPU
	EndGlobalSection
	GlobalSection(SolutionProperties) = preSolution
		HideSolutionNode = FALSE
	EndGlobalSection
	GlobalSection(ExtensibilityGlobals) = postSolution
		SolutionGuid = {AC2452B7-A6EA-489F-801E-4907E92F3FFD}
	EndGlobalSection
EndGlobal
